
Microsoft Visual Studio Solution File, Format Version 12.00
# Visual Studio Version 17
VisualStudioVersion = 17.1.32210.238
MinimumVisualStudioVersion = 10.0.40219.1
Project("{FAE04EC0-301F-11D3-BF4B-00C04F79EFBC}") = "WebApp", "WebApp\WebApp.csproj", "{E90236D3-8A2D-46F6-AC5F-703CC0804CC7}"
EndProject
Project("{FAE04EC0-301F-11D3-BF4B-00C04F79EFBC}") = "SnapshotEngine", "SnapshotEngine\SnapshotEngine.csproj", "{6DB7EF93-3247-4EC6-914E-EE3D83DDCBEF}"
EndProject
Project("{FAE04EC0-301F-11D3-BF4B-00C04F79EFBC}") = "DataManagement", "DataManagement\DataManagement.csproj", "{FA575D04-CB77-4669-BF8C-04B41806AE72}"
EndProject
Global
	GlobalSection(SolutionConfigurationPlatforms) = preSolution
		Debug|Any CPU = Debug|Any CPU
		Release|Any CPU = Release|Any CPU
	EndGlobalSection
	GlobalSection(ProjectConfigurationPlatforms) = postSolution
		{E90236D3-8A2D-46F6-AC5F-703CC0804CC7}.Debug|Any CPU.ActiveCfg = Debug|Any CPU
		{E90236D3-8A2D-46F6-AC5F-703CC0804CC7}.Debug|Any CPU.Build.0 = Debug|Any CPU
		{E90236D3-8A2D-46F6-AC5F-703CC0804CC7}.Release|Any CPU.ActiveCfg = Release|Any CPU
		{E90236D3-8A2D-46F6-AC5F-703CC0804CC7}.Release|Any CPU.Build.0 = Release|Any CPU
		{6DB7EF93-3247-4EC6-914E-EE3D83DDCBEF}.Debug|Any CPU.ActiveCfg = Debug|Any CPU
		{6DB7EF93-3247-4EC6-914E-EE3D83DDCBEF}.Debug|Any CPU.Build.0 = Debug|Any CPU
		{6DB7EF93-3247-4EC6-914E-EE3D83DDCBEF}.Release|Any CPU.ActiveCfg = Release|Any CPU
		{6DB7EF93-3247-4EC6-914E-EE3D83DDCBEF}.Release|Any CPU.Build.0 = Release|Any CPU
		{FA575D04-CB77-4669-BF8C-04B41806AE72}.Debug|Any CPU.ActiveCfg = Debug|Any CPU
		{FA575D04-CB77-4669-BF8C-04B41806AE72}.Debug|Any CPU.Build.0 = Debug|Any CPU
		{FA575D04-CB77-4669-BF8C-04B41806AE72}.Release|Any CPU.ActiveCfg = Release|Any CPU
		{FA575D04-CB77-4669-BF8C-04B41806AE72}.Release|Any CPU.Build.0 = Release|Any CPU
	EndGlobalSection
	GlobalSection(SolutionProperties) = preSolution
		HideSolutionNode = FALSE
	EndGlobalSection
	GlobalSection(ExtensibilityGlobals) = postSolution
		SolutionGuid = {1E39BAEA-6048-49D7-95E1-651A9B4E8763}
	EndGlobalSection
EndGlobal
